
Microsoft Visual Studio Solution File, Format Version 12.00
# Visual Studio Version 16
VisualStudioVersion = 16.0.30621.155
MinimumVisualStudioVersion = 10.0.40219.1
Project("{FAE04EC0-301F-11D3-BF4B-00C04F79EFBC}") = "Sales", "Sales\Sales.csproj", "{395FCB99-0F18-4855-A45F-9033D2601055}"
EndProject
Global
	GlobalSection(SolutionConfigurationPlatforms) = preSolution
		Debug|Any CPU = Debug|Any CPU
		Release|Any CPU = Release|Any CPU
	EndGlobalSection
	GlobalSection(ProjectConfigurationPlatforms) = postSolution
		{395FCB99-0F18-4855-A45F-9033D2601055}.Debug|Any CPU.ActiveCfg = Debug|Any CPU
		{395FCB99-0F18-4855-A45F-9033D2601055}.Debug|Any CPU.Build.0 = Debug|Any CPU
		{395FCB99-0F18-4855-A45F-9033D2601055}.Release|Any CPU.ActiveCfg = Release|Any CPU
		{395FCB99-0F18-4855-A45F-9033D2601055}.Release|Any CPU.Build.0 = Release|Any CPU
	EndGlobalSection
	GlobalSection(SolutionProperties) = preSolution
		HideSolutionNode = FALSE
	EndGlobalSection
	GlobalSection(ExtensibilityGlobals) = postSolution
		SolutionGuid = {409D9A96-6F3D-4620-AED8-054B5C5ACB92}
	EndGlobalSection
EndGlobal
